// !$*UTF8*$!
{
	archiveVersion = 1;
	classes = {
	};
	objectVersion = 56;
	objects = {

/* Begin PBXBuildFile section */
		B00000000000000000000001 /* ObiAgentApp.swift in Sources */ = {isa = PBXBuildFile; fileRef = A00000000000000000000001 /* ObiAgentApp.swift */; };
		B00000000000000000000002 /* ContentView.swift in Sources */ = {isa = PBXBuildFile; fileRef = A00000000000000000000002 /* ContentView.swift */; };
		B00000000000000000000003 /* AgentViewModel.swift in Sources */ = {isa = PBXBuildFile; fileRef = A00000000000000000000003 /* AgentViewModel.swift */; };
		B00000000000000000000004 /* ChatMessage.swift in Sources */ = {isa = PBXBuildFile; fileRef = A00000000000000000000004 /* ChatMessage.swift */; };
		B00000000000000000000005 /* CalendarDateParser.swift in Sources */ = {isa = PBXBuildFile; fileRef = A00000000000000000000005 /* CalendarDateParser.swift */; };
		B00000000000000000000006 /* CalendarStore.swift in Sources */ = {isa = PBXBuildFile; fileRef = A00000000000000000000006 /* CalendarStore.swift */; };
		B00000000000000000000007 /* CalendarTool.swift in Sources */ = {isa = PBXBuildFile; fileRef = A00000000000000000000007 /* CalendarTool.swift */; };
		B00000000000000000000008 /* ToolRuntime.swift in Sources */ = {isa = PBXBuildFile; fileRef = A00000000000000000000010 /* ToolRuntime.swift */; };
		B00000000000000000000009 /* ReminderStore.swift in Sources */ = {isa = PBXBuildFile; fileRef = A00000000000000000000011 /* ReminderStore.swift */; };
		B00000000000000000000010 /* ReminderListTool.swift in Sources */ = {isa = PBXBuildFile; fileRef = A00000000000000000000012 /* ReminderListTool.swift */; };
		B00000000000000000000011 /* CreateReminderTool.swift in Sources */ = {isa = PBXBuildFile; fileRef = A00000000000000000000013 /* CreateReminderTool.swift */; };
		B00000000000000000000012 /* ContactStore.swift in Sources */ = {isa = PBXBuildFile; fileRef = A00000000000000000000014 /* ContactStore.swift */; };
		B00000000000000000000013 /* ContactLookupTool.swift in Sources */ = {isa = PBXBuildFile; fileRef = A00000000000000000000015 /* ContactLookupTool.swift */; };
/* End PBXBuildFile section */

/* Begin PBXFileReference section */
		A00000000000000000000001 /* ObiAgentApp.swift */ = {isa = PBXFileReference; lastKnownFileType = sourcecode.swift; path = ObiAgentApp.swift; sourceTree = "<group>"; };
		A00000000000000000000002 /* ContentView.swift */ = {isa = PBXFileReference; lastKnownFileType = sourcecode.swift; path = ContentView.swift; sourceTree = "<group>"; };
		A00000000000000000000003 /* AgentViewModel.swift */ = {isa = PBXFileReference; lastKnownFileType = sourcecode.swift; path = AgentViewModel.swift; sourceTree = "<group>"; };
		A00000000000000000000004 /* ChatMessage.swift */ = {isa = PBXFileReference; lastKnownFileType = sourcecode.swift; path = ChatMessage.swift; sourceTree = "<group>"; };
		A00000000000000000000005 /* CalendarDateParser.swift */ = {isa = PBXFileReference; lastKnownFileType = sourcecode.swift; path = CalendarDateParser.swift; sourceTree = "<group>"; };
		A00000000000000000000006 /* CalendarStore.swift */ = {isa = PBXFileReference; lastKnownFileType = sourcecode.swift; path = CalendarStore.swift; sourceTree = "<group>"; };
		A00000000000000000000007 /* CalendarTool.swift */ = {isa = PBXFileReference; lastKnownFileType = sourcecode.swift; path = CalendarTool.swift; sourceTree = "<group>"; };
		A00000000000000000000008 /* Info.plist */ = {isa = PBXFileReference; lastKnownFileType = text.plist.xml; path = Info.plist; sourceTree = "<group>"; };
		A00000000000000000000009 /* ObiAgent.app */ = {isa = PBXFileReference; explicitFileType = wrapper.application; includeInIndex = 0; path = ObiAgent.app; sourceTree = BUILT_PRODUCTS_DIR; };
		A00000000000000000000010 /* ToolRuntime.swift */ = {isa = PBXFileReference; lastKnownFileType = sourcecode.swift; path = ToolRuntime.swift; sourceTree = "<group>"; };
		A00000000000000000000011 /* ReminderStore.swift */ = {isa = PBXFileReference; lastKnownFileType = sourcecode.swift; path = ReminderStore.swift; sourceTree = "<group>"; };
		A00000000000000000000012 /* ReminderListTool.swift */ = {isa = PBXFileReference; lastKnownFileType = sourcecode.swift; path = ReminderListTool.swift; sourceTree = "<group>"; };
		A00000000000000000000013 /* CreateReminderTool.swift */ = {isa = PBXFileReference; lastKnownFileType = sourcecode.swift; path = CreateReminderTool.swift; sourceTree = "<group>"; };
		A00000000000000000000014 /* ContactStore.swift */ = {isa = PBXFileReference; lastKnownFileType = sourcecode.swift; path = ContactStore.swift; sourceTree = "<group>"; };
		A00000000000000000000015 /* ContactLookupTool.swift */ = {isa = PBXFileReference; lastKnownFileType = sourcecode.swift; path = ContactLookupTool.swift; sourceTree = "<group>"; };
/* End PBXFileReference section */

/* Begin PBXFrameworksBuildPhase section */
		E00000000000000000000002 /* Frameworks */ = {
			isa = PBXFrameworksBuildPhase;
			buildActionMask = 2147483647;
			files = (
			);
			runOnlyForDeploymentPostprocessing = 0;
		};
/* End PBXFrameworksBuildPhase section */

/* Begin PBXGroup section */
		C00000000000000000000001 = {
			isa = PBXGroup;
			children = (
				C00000000000000000000002 /* ObiAgent */,
				C00000000000000000000007 /* Products */,
			);
			sourceTree = "<group>";
		};
		C00000000000000000000002 /* ObiAgent */ = {
			isa = PBXGroup;
			children = (
				C00000000000000000000003 /* App */,
				C00000000000000000000004 /* Agent */,
				C00000000000000000000005 /* Tools */,
				C00000000000000000000006 /* Supporting */,
			);
			path = ObiAgent;
			sourceTree = "<group>";
		};
		C00000000000000000000003 /* App */ = {
			isa = PBXGroup;
			children = (
				A00000000000000000000001 /* ObiAgentApp.swift */,
				A00000000000000000000002 /* ContentView.swift */,
			);
			path = App;
			sourceTree = "<group>";
		};
		C00000000000000000000004 /* Agent */ = {
			isa = PBXGroup;
			children = (
				A00000000000000000000003 /* AgentViewModel.swift */,
				A00000000000000000000004 /* ChatMessage.swift */,
				A00000000000000000000010 /* ToolRuntime.swift */,
			);
			path = Agent;
			sourceTree = "<group>";
		};
		C00000000000000000000005 /* Tools */ = {
			isa = PBXGroup;
			children = (
				C00000000000000000000008 /* Calendar */,
				C00000000000000000000010 /* Reminders */,
				C00000000000000000000011 /* Contacts */,
			);
			path = Tools;
			sourceTree = "<group>";
		};
		C00000000000000000000008 /* Calendar */ = {
			isa = PBXGroup;
			children = (
				A00000000000000000000005 /* CalendarDateParser.swift */,
				A00000000000000000000006 /* CalendarStore.swift */,
				A00000000000000000000007 /* CalendarTool.swift */,
			);
			path = Calendar;
			sourceTree = "<group>";
		};
		C00000000000000000000010 /* Reminders */ = {
			isa = PBXGroup;
			children = (
				A00000000000000000000011 /* ReminderStore.swift */,
				A00000000000000000000012 /* ReminderListTool.swift */,
				A00000000000000000000013 /* CreateReminderTool.swift */,
			);
			path = Reminders;
			sourceTree = "<group>";
		};
		C00000000000000000000011 /* Contacts */ = {
			isa = PBXGroup;
			children = (
				A00000000000000000000014 /* ContactStore.swift */,
				A00000000000000000000015 /* ContactLookupTool.swift */,
			);
			path = Contacts;
			sourceTree = "<group>";
		};
		C00000000000000000000006 /* Supporting */ = {
			isa = PBXGroup;
			children = (
				A00000000000000000000008 /* Info.plist */,
			);
			path = Supporting;
			sourceTree = "<group>";
		};
		C00000000000000000000007 /* Products */ = {
			isa = PBXGroup;
			children = (
				A00000000000000000000009 /* ObiAgent.app */,
			);
			name = Products;
			sourceTree = "<group>";
		};
/* End PBXGroup section */

/* Begin PBXNativeTarget section */
		D00000000000000000000002 /* ObiAgent */ = {
			isa = PBXNativeTarget;
			buildConfigurationList = G00000000000000000000002 /* Build configuration list for PBXNativeTarget "ObiAgent" */;
			buildPhases = (
				E00000000000000000000001 /* Sources */,
				E00000000000000000000002 /* Frameworks */,
				E00000000000000000000003 /* Resources */,
			);
			buildRules = (
			);
			dependencies = (
			);
			name = ObiAgent;
			packageProductDependencies = (
			);
			productName = ObiAgent;
			productReference = A00000000000000000000009 /* ObiAgent.app */;
			productType = "com.apple.product-type.application";
		};
/* End PBXNativeTarget section */

/* Begin PBXProject section */
		D00000000000000000000001 /* Project object */ = {
			isa = PBXProject;
			attributes = {
				BuildIndependentTargetsInParallel = 1;
				LastSwiftUpdateCheck = 2600;
				LastUpgradeCheck = 2600;
				TargetAttributes = {
					D00000000000000000000002 = {
						CreatedOnToolsVersion = 26.0;
					};
				};
			};
			buildConfigurationList = G00000000000000000000001 /* Build configuration list for PBXProject "ObiAgent" */;
			compatibilityVersion = "Xcode 14.0";
			developmentRegion = en;
			hasScannedForEncodings = 0;
			knownRegions = (
				en,
				Base,
			);
			mainGroup = C00000000000000000000001;
			productRefGroup = C00000000000000000000007 /* Products */;
			projectDirPath = "";
			projectRoot = "";
			targets = (
				D00000000000000000000002 /* ObiAgent */,
			);
		};
/* End PBXProject section */

/* Begin PBXResourcesBuildPhase section */
		E00000000000000000000003 /* Resources */ = {
			isa = PBXResourcesBuildPhase;
			buildActionMask = 2147483647;
			files = (
			);
			runOnlyForDeploymentPostprocessing = 0;
		};
/* End PBXResourcesBuildPhase section */

/* Begin PBXSourcesBuildPhase section */
		E00000000000000000000001 /* Sources */ = {
			isa = PBXSourcesBuildPhase;
			buildActionMask = 2147483647;
			files = (
				B00000000000000000000001 /* ObiAgentApp.swift in Sources */,
				B00000000000000000000002 /* ContentView.swift in Sources */,
				B00000000000000000000003 /* AgentViewModel.swift in Sources */,
				B00000000000000000000004 /* ChatMessage.swift in Sources */,
				B00000000000000000000005 /* CalendarDateParser.swift in Sources */,
				B00000000000000000000006 /* CalendarStore.swift in Sources */,
				B00000000000000000000007 /* CalendarTool.swift in Sources */,
				B00000000000000000000008 /* ToolRuntime.swift in Sources */,
				B00000000000000000000009 /* ReminderStore.swift in Sources */,
				B00000000000000000000010 /* ReminderListTool.swift in Sources */,
				B00000000000000000000011 /* CreateReminderTool.swift in Sources */,
				B00000000000000000000012 /* ContactStore.swift in Sources */,
				B00000000000000000000013 /* ContactLookupTool.swift in Sources */,
			);
			runOnlyForDeploymentPostprocessing = 0;
		};
/* End PBXSourcesBuildPhase section */

/* Begin XCBuildConfiguration section */
		F00000000000000000000001 /* Debug */ = {
			isa = XCBuildConfiguration;
			buildSettings = {
				ALWAYS_SEARCH_USER_PATHS = NO;
				CLANG_ENABLE_MODULES = YES;
				DEBUG_INFORMATION_FORMAT = dwarf;
				ENABLE_TESTABILITY = YES;
				GCC_C_LANGUAGE_STANDARD = gnu17;
				IPHONEOS_DEPLOYMENT_TARGET = 26.0;
				ONLY_ACTIVE_ARCH = YES;
				SDKROOT = iphoneos;
				SWIFT_ACTIVE_COMPILATION_CONDITIONS = "DEBUG $(inherited)";
				SWIFT_OPTIMIZATION_LEVEL = "-Onone";
				SWIFT_VERSION = 6.0;
			};
			name = Debug;
		};
		F00000000000000000000002 /* Release */ = {
			isa = XCBuildConfiguration;
			buildSettings = {
				ALWAYS_SEARCH_USER_PATHS = NO;
				CLANG_ENABLE_MODULES = YES;
				DEBUG_INFORMATION_FORMAT = "dwarf-with-dsym";
				GCC_C_LANGUAGE_STANDARD = gnu17;
				IPHONEOS_DEPLOYMENT_TARGET = 26.0;
				SDKROOT = iphoneos;
				SWIFT_COMPILATION_MODE = wholemodule;
				SWIFT_OPTIMIZATION_LEVEL = "-O";
				SWIFT_VERSION = 6.0;
			};
			name = Release;
		};
		F00000000000000000000003 /* Debug */ = {
			isa = XCBuildConfiguration;
			buildSettings = {
				CODE_SIGN_STYLE = Automatic;
				CURRENT_PROJECT_VERSION = 1;
				GENERATE_INFOPLIST_FILE = NO;
				INFOPLIST_FILE = ObiAgent/Supporting/Info.plist;
				IPHONEOS_DEPLOYMENT_TARGET = 26.0;
				MARKETING_VERSION = 0.1.0;
				PRODUCT_BUNDLE_IDENTIFIER = org.obivan.ObiAgent;
				PRODUCT_NAME = "$(TARGET_NAME)";
				SUPPORTED_PLATFORMS = "iphoneos iphonesimulator";
				SWIFT_EMIT_LOC_STRINGS = YES;
				SWIFT_STRICT_CONCURRENCY = complete;
				SWIFT_VERSION = 6.0;
				TARGETED_DEVICE_FAMILY = "1,2";
			};
			name = Debug;
		};
		F00000000000000000000004 /* Release */ = {
			isa = XCBuildConfiguration;
			buildSettings = {
				CODE_SIGN_STYLE = Automatic;
				CURRENT_PROJECT_VERSION = 1;
				GENERATE_INFOPLIST_FILE = NO;
				INFOPLIST_FILE = ObiAgent/Supporting/Info.plist;
				IPHONEOS_DEPLOYMENT_TARGET = 26.0;
				MARKETING_VERSION = 0.1.0;
				PRODUCT_BUNDLE_IDENTIFIER = org.obivan.ObiAgent;
				PRODUCT_NAME = "$(TARGET_NAME)";
				SUPPORTED_PLATFORMS = "iphoneos iphonesimulator";
				SWIFT_EMIT_LOC_STRINGS = YES;
				SWIFT_STRICT_CONCURRENCY = complete;
				SWIFT_VERSION = 6.0;
				TARGETED_DEVICE_FAMILY = "1,2";
			};
			name = Release;
		};
/* End XCBuildConfiguration section */

/* Begin XCConfigurationList section */
		G00000000000000000000001 /* Build configuration list for PBXProject "ObiAgent" */ = {
			isa = XCConfigurationList;
			buildConfigurations = (
				F00000000000000000000001 /* Debug */,
				F00000000000000000000002 /* Release */,
			);
			defaultConfigurationIsVisible = 0;
			defaultConfigurationName = Release;
		};
		G00000000000000000000002 /* Build configuration list for PBXNativeTarget "ObiAgent" */ = {
			isa = XCConfigurationList;
			buildConfigurations = (
				F00000000000000000000003 /* Debug */,
				F00000000000000000000004 /* Release */,
			);
			defaultConfigurationIsVisible = 0;
			defaultConfigurationName = Release;
		};
/* End XCConfigurationList section */
	};
	rootObject = D00000000000000000000001 /* Project object */;
}
